
Microsoft Visual Studio Solution File, Format Version 12.00
# Visual Studio Version 17
VisualStudioVersion = 17.10.35027.167
MinimumVisualStudioVersion = 10.0.40219.1
Project("{8BC9CEB8-8B4A-11D0-8D11-00A0C91BC942}") = "Hello_world", "Hello_world\Hello_world.vcxproj", "{61B9E04A-99F3-4C27-9ED3-E529A432C683}"
EndProject
Project("{8BC9CEB8-8B4A-11D0-8D11-00A0C91BC942}") = "calc", "calc\calc.vcxproj", "{AF8764B9-7903-4CD1-8F95-556287CD099C}"
EndProject
Project("{8BC9CEB8-8B4A-11D0-8D11-00A0C91BC942}") = "calc_ui", "calc_ui\calc_ui.vcxproj", "{8CCB69D8-0F1C-46AB-9DB3-ABA49CEF6465}"
EndProject
Global
	GlobalSection(SolutionConfigurationPlatforms) = preSolution
		Debug|x64 = Debug|x64
		Debug|x86 = Debug|x86
		Release|x64 = Release|x64
		Release|x86 = Release|x86
	EndGlobalSection
	GlobalSection(ProjectConfigurationPlatforms) = postSolution
		{61B9E04A-99F3-4C27-9ED3-E529A432C683}.Debug|x64.ActiveCfg = Debug|x64
		{61B9E04A-99F3-4C27-9ED3-E529A432C683}.Debug|x64.Build.0 = Debug|x64
		{61B9E04A-99F3-4C27-9ED3-E529A432C683}.Debug|x86.ActiveCfg = Debug|Win32
		{61B9E04A-99F3-4C27-9ED3-E529A432C683}.Debug|x86.Build.0 = Debug|Win32
		{61B9E04A-99F3-4C27-9ED3-E529A432C683}.Release|x64.ActiveCfg = Release|x64
		{61B9E04A-99F3-4C27-9ED3-E529A432C683}.Release|x64.Build.0 = Release|x64
		{61B9E04A-99F3-4C27-9ED3-E529A432C683}.Release|x86.ActiveCfg = Release|Win32
		{61B9E04A-99F3-4C27-9ED3-E529A432C683}.Release|x86.Build.0 = Release|Win32
		{AF8764B9-7903-4CD1-8F95-556287CD099C}.Debug|x64.ActiveCfg = Debug|x64
		{AF8764B9-7903-4CD1-8F95-556287CD099C}.Debug|x64.Build.0 = Debug|x64
		{AF8764B9-7903-4CD1-8F95-556287CD099C}.Debug|x86.ActiveCfg = Debug|Win32
		{AF8764B9-7903-4CD1-8F95-556287CD099C}.Debug|x86.Build.0 = Debug|Win32
		{AF8764B9-7903-4CD1-8F95-556287CD099C}.Release|x64.ActiveCfg = Release|x64
		{AF8764B9-7903-4CD1-8F95-556287CD099C}.Release|x64.Build.0 = Release|x64
		{AF8764B9-7903-4CD1-8F95-556287CD099C}.Release|x86.ActiveCfg = Release|Win32
		{AF8764B9-7903-4CD1-8F95-556287CD099C}.Release|x86.Build.0 = Release|Win32
		{8CCB69D8-0F1C-46AB-9DB3-ABA49CEF6465}.Debug|x64.ActiveCfg = Debug|x64
		{8CCB69D8-0F1C-46AB-9DB3-ABA49CEF6465}.Debug|x64.Build.0 = Debug|x64
		{8CCB69D8-0F1C-46AB-9DB3-ABA49CEF6465}.Debug|x86.ActiveCfg = Debug|x64
		{8CCB69D8-0F1C-46AB-9DB3-ABA49CEF6465}.Debug|x86.Build.0 = Debug|x64
		{8CCB69D8-0F1C-46AB-9DB3-ABA49CEF6465}.Release|x64.ActiveCfg = Release|x64
		{8CCB69D8-0F1C-46AB-9DB3-ABA49CEF6465}.Release|x64.Build.0 = Release|x64
		{8CCB69D8-0F1C-46AB-9DB3-ABA49CEF6465}.Release|x86.ActiveCfg = Release|x64
		{8CCB69D8-0F1C-46AB-9DB3-ABA49CEF6465}.Release|x86.Build.0 = Release|x64
	EndGlobalSection
	GlobalSection(SolutionProperties) = preSolution
		HideSolutionNode = FALSE
	EndGlobalSection
	GlobalSection(ExtensibilityGlobals) = postSolution
		SolutionGuid = {55B263C1-030D-402A-8BCD-8EDB80CBEE28}
	EndGlobalSection
EndGlobal
